{
  "name": "rh",
  "version": "1.0.0",
  "lockfileVersion": 1,
  "requires": true,
  "dependencies": {
    "swiper": {
      "version": "3.4.2",
      "resolved": "http://registry.npm.taobao.org/swiper/download/swiper-3.4.2.tgz",
      "integrity": "sha1-Oda0ELGjmDPh9y07cpmd9fXjg5I=",
      "dev": true
    },
    "vue-awesome-swiper": {
      "version": "2.6.2",
      "resolved": "http://registry.npm.taobao.org/vue-awesome-swiper/download/vue-awesome-swiper-2.6.2.tgz",
      "integrity": "sha1-4miIKyvhzvc4ImJwuCDY5jJ3tok=",
      "dev": true,
      "requires": {
        "swiper": "3.4.2"
      }
    }
  }
}
